// !$*UTF8*$!
{
	archiveVersion = 1;
	classes = {
	};
	objectVersion = 46;
	objects = {

/* Begin PBXBuildFile section */
		72DFC68719AFE71E002F3FF3 /* main.cpp in Sources */ = {isa = PBXBuildFile; fileRef = 72DFC68619AFE71E002F3FF3 /* main.cpp */; };
		72DFC69019AFE7D0002F3FF3 /* sdlapplication.cpp in Sources */ = {isa = PBXBuildFile; fileRef = 72DFC68F19AFE7D0002F3FF3 /* sdlapplication.cpp */; };
		72DFC69319AFE8F0002F3FF3 /* SDL2.framework in Frameworks */ = {isa = PBXBuildFile; fileRef = 72DFC69219AFE8F0002F3FF3 /* SDL2.framework */; };
/* End PBXBuildFile section */

/* Begin PBXFileReference section */
		72DFC68319AFE71E002F3FF3 /* bttestbed */ = {isa = PBXFileReference; explicitFileType = "compiled.mach-o.executable"; includeInIndex = 0; path = bttestbed; sourceTree = BUILT_PRODUCTS_DIR; };
		72DFC68619AFE71E002F3FF3 /* main.cpp */ = {isa = PBXFileReference; lastKnownFileType = sourcecode.cpp.cpp; path = main.cpp; sourceTree = "<group>"; };
		72DFC68F19AFE7D0002F3FF3 /* sdlapplication.cpp */ = {isa = PBXFileReference; fileEncoding = 4; lastKnownFileType = sourcecode.cpp.cpp; path = sdlapplication.cpp; sourceTree = "<group>"; };
		72DFC69119AFE7F9002F3FF3 /* sdlapplication.h */ = {isa = PBXFileReference; fileEncoding = 4; lastKnownFileType = sourcecode.c.h; path = sdlapplication.h; sourceTree = "<group>"; };
		72DFC69219AFE8F0002F3FF3 /* SDL2.framework */ = {isa = PBXFileReference; lastKnownFileType = wrapper.framework; name = SDL2.framework; path = ../../../../../Library/Frameworks/SDL2.framework; sourceTree = "<group>"; };
/* End PBXFileReference section */

/* Begin PBXFrameworksBuildPhase section */
		72DFC68019AFE71E002F3FF3 /* Frameworks */ = {
			isa = PBXFrameworksBuildPhase;
			buildActionMask = 2147483647;
			files = (
				72DFC69319AFE8F0002F3FF3 /* SDL2.framework in Frameworks */,
			);
			runOnlyForDeploymentPostprocessing = 0;
		};
/* End PBXFrameworksBuildPhase section */

/* Begin PBXGroup section */
		72DFC67A19AFE71E002F3FF3 = {
			isa = PBXGroup;
			children = (
				72DFC69219AFE8F0002F3FF3 /* SDL2.framework */,
				72DFC68519AFE71E002F3FF3 /* bttestbed */,
				72DFC68419AFE71E002F3FF3 /* Products */,
			);
			sourceTree = "<group>";
		};
		72DFC68419AFE71E002F3FF3 /* Products */ = {
			isa = PBXGroup;
			children = (
				72DFC68319AFE71E002F3FF3 /* bttestbed */,
			);
			name = Products;
			sourceTree = "<group>";
		};
		72DFC68519AFE71E002F3FF3 /* bttestbed */ = {
			isa = PBXGroup;
			children = (
				72DFC68F19AFE7D0002F3FF3 /* sdlapplication.cpp */,
				72DFC69119AFE7F9002F3FF3 /* sdlapplication.h */,
				72DFC68619AFE71E002F3FF3 /* main.cpp */,
			);
			path = bttestbed;
			sourceTree = "<group>";
		};
/* End PBXGroup section */

/* Begin PBXNativeTarget section */
		72DFC68219AFE71E002F3FF3 /* bttestbed */ = {
			isa = PBXNativeTarget;
			buildConfigurationList = 72DFC68C19AFE71E002F3FF3 /* Build configuration list for PBXNativeTarget "bttestbed" */;
			buildPhases = (
				72DFC67F19AFE71E002F3FF3 /* Sources */,
				72DFC68019AFE71E002F3FF3 /* Frameworks */,
			);
			buildRules = (
			);
			dependencies = (
			);
			name = bttestbed;
			productName = bttestbed;
			productReference = 72DFC68319AFE71E002F3FF3 /* bttestbed */;
			productType = "com.apple.product-type.tool";
		};
/* End PBXNativeTarget section */

/* Begin PBXProject section */
		72DFC67B19AFE71E002F3FF3 /* Project object */ = {
			isa = PBXProject;
			attributes = {
				LastUpgradeCheck = 0510;
				ORGANIZATIONNAME = "Peter Higley";
			};
			buildConfigurationList = 72DFC67E19AFE71E002F3FF3 /* Build configuration list for PBXProject "bttestbed" */;
			compatibilityVersion = "Xcode 3.2";
			developmentRegion = English;
			hasScannedForEncodings = 0;
			knownRegions = (
				en,
			);
			mainGroup = 72DFC67A19AFE71E002F3FF3;
			productRefGroup = 72DFC68419AFE71E002F3FF3 /* Products */;
			projectDirPath = "";
			projectRoot = "";
			targets = (
				72DFC68219AFE71E002F3FF3 /* bttestbed */,
			);
		};
/* End PBXProject section */

/* Begin PBXSourcesBuildPhase section */
		72DFC67F19AFE71E002F3FF3 /* Sources */ = {
			isa = PBXSourcesBuildPhase;
			buildActionMask = 2147483647;
			files = (
				72DFC68719AFE71E002F3FF3 /* main.cpp in Sources */,
				72DFC69019AFE7D0002F3FF3 /* sdlapplication.cpp in Sources */,
			);
			runOnlyForDeploymentPostprocessing = 0;
		};
/* End PBXSourcesBuildPhase section */

/* Begin XCBuildConfiguration section */
		72DFC68A19AFE71E002F3FF3 /* Debug */ = {
			isa = XCBuildConfiguration;
			buildSettings = {
				ALWAYS_SEARCH_USER_PATHS = NO;
				CLANG_CXX_LANGUAGE_STANDARD = "gnu++0x";
				CLANG_CXX_LIBRARY = "libc++";
				CLANG_ENABLE_MODULES = YES;
				CLANG_ENABLE_OBJC_ARC = YES;
				CLANG_WARN_BOOL_CONVERSION = YES;
				CLANG_WARN_CONSTANT_CONVERSION = YES;
				CLANG_WARN_DIRECT_OBJC_ISA_USAGE = YES_ERROR;
				CLANG_WARN_EMPTY_BODY = YES;
				CLANG_WARN_ENUM_CONVERSION = YES;
				CLANG_WARN_INT_CONVERSION = YES;
				CLANG_WARN_OBJC_ROOT_CLASS = YES_ERROR;
				CLANG_WARN__DUPLICATE_METHOD_MATCH = YES;
				COPY_PHASE_STRIP = NO;
				GCC_C_LANGUAGE_STANDARD = gnu99;
				GCC_DYNAMIC_NO_PIC = NO;
				GCC_ENABLE_OBJC_EXCEPTIONS = YES;
				GCC_OPTIMIZATION_LEVEL = 0;
				GCC_PREPROCESSOR_DEFINITIONS = (
					"DEBUG=1",
					"$(inherited)",
				);
				GCC_SYMBOLS_PRIVATE_EXTERN = NO;
				GCC_WARN_64_TO_32_BIT_CONVERSION = YES;
				GCC_WARN_ABOUT_RETURN_TYPE = YES_ERROR;
				GCC_WARN_UNDECLARED_SELECTOR = YES;
				GCC_WARN_UNINITIALIZED_AUTOS = YES_AGGRESSIVE;
				GCC_WARN_UNUSED_FUNCTION = YES;
				GCC_WARN_UNUSED_VARIABLE = YES;
				MACOSX_DEPLOYMENT_TARGET = 10.9;
				ONLY_ACTIVE_ARCH = YES;
				SDKROOT = macosx;
			};
			name = Debug;
		};
		72DFC68B19AFE71E002F3FF3 /* Release */ = {
			isa = XCBuildConfiguration;
			buildSettings = {
				ALWAYS_SEARCH_USER_PATHS = NO;
				CLANG_CXX_LANGUAGE_STANDARD = "gnu++0x";
				CLANG_CXX_LIBRARY = "libc++";
				CLANG_ENABLE_MODULES = YES;
				CLANG_ENABLE_OBJC_ARC = YES;
				CLANG_WARN_BOOL_CONVERSION = YES;
				CLANG_WARN_CONSTANT_CONVERSION = YES;
				CLANG_WARN_DIRECT_OBJC_ISA_USAGE = YES_ERROR;
				CLANG_WARN_EMPTY_BODY = YES;
				CLANG_WARN_ENUM_CONVERSION = YES;
				CLANG_WARN_INT_CONVERSION = YES;
				CLANG_WARN_OBJC_ROOT_CLASS = YES_ERROR;
				CLANG_WARN__DUPLICATE_METHOD_MATCH = YES;
				COPY_PHASE_STRIP = YES;
				DEBUG_INFORMATION_FORMAT = "dwarf-with-dsym";
				ENABLE_NS_ASSERTIONS = NO;
				GCC_C_LANGUAGE_STANDARD = gnu99;
				GCC_ENABLE_OBJC_EXCEPTIONS = YES;
				GCC_WARN_64_TO_32_BIT_CONVERSION = YES;
				GCC_WARN_ABOUT_RETURN_TYPE = YES_ERROR;
				GCC_WARN_UNDECLARED_SELECTOR = YES;
				GCC_WARN_UNINITIALIZED_AUTOS = YES_AGGRESSIVE;
				GCC_WARN_UNUSED_FUNCTION = YES;
				GCC_WARN_UNUSED_VARIABLE = YES;
				MACOSX_DEPLOYMENT_TARGET = 10.9;
				SDKROOT = macosx;
			};
			name = Release;
		};
		72DFC68D19AFE71E002F3FF3 /* Debug */ = {
			isa = XCBuildConfiguration;
			buildSettings = {
				FRAMEWORK_SEARCH_PATHS = (
					"$(inherited)",
					"$(LOCAL_LIBRARY_DIR)/Frameworks",
				);
				PRODUCT_NAME = "$(TARGET_NAME)";
			};
			name = Debug;
		};
		72DFC68E19AFE71E002F3FF3 /* Release */ = {
			isa = XCBuildConfiguration;
			buildSettings = {
				FRAMEWORK_SEARCH_PATHS = (
					"$(inherited)",
					"$(LOCAL_LIBRARY_DIR)/Frameworks",
				);
				PRODUCT_NAME = "$(TARGET_NAME)";
			};
			name = Release;
		};
/* End XCBuildConfiguration section */

/* Begin XCConfigurationList section */
		72DFC67E19AFE71E002F3FF3 /* Build configuration list for PBXProject "bttestbed" */ = {
			isa = XCConfigurationList;
			buildConfigurations = (
				72DFC68A19AFE71E002F3FF3 /* Debug */,
				72DFC68B19AFE71E002F3FF3 /* Release */,
			);
			defaultConfigurationIsVisible = 0;
			defaultConfigurationName = Release;
		};
		72DFC68C19AFE71E002F3FF3 /* Build configuration list for PBXNativeTarget "bttestbed" */ = {
			isa = XCConfigurationList;
			buildConfigurations = (
				72DFC68D19AFE71E002F3FF3 /* Debug */,
				72DFC68E19AFE71E002F3FF3 /* Release */,
			);
			defaultConfigurationIsVisible = 0;
		};
/* End XCConfigurationList section */
	};
	rootObject = 72DFC67B19AFE71E002F3FF3 /* Project object */;
}
